// !$*UTF8*$!
{
	archiveVersion = 1;
	classes = {
	};
	objectVersion = 56;
	objects = {

/* Begin PBXBuildFile section */
		073A28DB29A1FEC100C82510 /* FavoriteButton.swift in Sources */ = {isa = PBXBuildFile; fileRef = 073A28DA29A1FEC100C82510 /* FavoriteButton.swift */; };
		073A28E029A20C2700C82510 /* HexagonParameters.swift in Sources */ = {isa = PBXBuildFile; fileRef = 073A28DF29A20C2700C82510 /* HexagonParameters.swift */; };
		073A28E229A2119900C82510 /* BadgeBackground.swift in Sources */ = {isa = PBXBuildFile; fileRef = 073A28E129A2119900C82510 /* BadgeBackground.swift */; };
		073A28E429A23DC200C82510 /* BadgeSymbol.swift in Sources */ = {isa = PBXBuildFile; fileRef = 073A28E329A23DC200C82510 /* BadgeSymbol.swift */; };
		073A28E629A2404100C82510 /* RotatedBadgeSymbol.swift in Sources */ = {isa = PBXBuildFile; fileRef = 073A28E529A2404100C82510 /* RotatedBadgeSymbol.swift */; };
		073A28E829A241D600C82510 /* Badge.swift in Sources */ = {isa = PBXBuildFile; fileRef = 073A28E729A241D600C82510 /* Badge.swift */; };
		073A28EB29A244B800C82510 /* hikeData.json in Resources */ = {isa = PBXBuildFile; fileRef = 073A28EA29A244B800C82510 /* hikeData.json */; };
		073A28ED29A244F600C82510 /* Hike.swift in Sources */ = {isa = PBXBuildFile; fileRef = 073A28EC29A244F600C82510 /* Hike.swift */; };
		073A28F329A2466A00C82510 /* GraphCapsule.swift in Sources */ = {isa = PBXBuildFile; fileRef = 073A28EF29A2466A00C82510 /* GraphCapsule.swift */; };
		073A28F429A2466A00C82510 /* HikeGraph.swift in Sources */ = {isa = PBXBuildFile; fileRef = 073A28F029A2466A00C82510 /* HikeGraph.swift */; };
		073A28F529A2466A00C82510 /* HikeDetail.swift in Sources */ = {isa = PBXBuildFile; fileRef = 073A28F129A2466A00C82510 /* HikeDetail.swift */; };
		073A28F629A2466A00C82510 /* HikeView.swift in Sources */ = {isa = PBXBuildFile; fileRef = 073A28F229A2466A00C82510 /* HikeView.swift */; };
		0743DC952998F88800224FB3 /* LandmarksApp.swift in Sources */ = {isa = PBXBuildFile; fileRef = 0743DC942998F88800224FB3 /* LandmarksApp.swift */; };
		0743DC972998F88800224FB3 /* ContentView.swift in Sources */ = {isa = PBXBuildFile; fileRef = 0743DC962998F88800224FB3 /* ContentView.swift */; };
		0743DC992998F88900224FB3 /* Assets.xcassets in Resources */ = {isa = PBXBuildFile; fileRef = 0743DC982998F88900224FB3 /* Assets.xcassets */; };
		0743DC9C2998F88900224FB3 /* Preview Assets.xcassets in Resources */ = {isa = PBXBuildFile; fileRef = 0743DC9B2998F88900224FB3 /* Preview Assets.xcassets */; };
		0743DCA62998F88900224FB3 /* LandmarksTests.swift in Sources */ = {isa = PBXBuildFile; fileRef = 0743DCA52998F88900224FB3 /* LandmarksTests.swift */; };
		0743DCB02998F88900224FB3 /* LandmarksUITests.swift in Sources */ = {isa = PBXBuildFile; fileRef = 0743DCAF2998F88900224FB3 /* LandmarksUITests.swift */; };
		0743DCB22998F88900224FB3 /* LandmarksUITestsLaunchTests.swift in Sources */ = {isa = PBXBuildFile; fileRef = 0743DCB12998F88900224FB3 /* LandmarksUITestsLaunchTests.swift */; };
		0783DEE929A3618D0066DCA6 /* Profile.swift in Sources */ = {isa = PBXBuildFile; fileRef = 0783DEE829A3618D0066DCA6 /* Profile.swift */; };
		0783DEEC29A3635A0066DCA6 /* ProfileHost.swift in Sources */ = {isa = PBXBuildFile; fileRef = 0783DEEB29A3635A0066DCA6 /* ProfileHost.swift */; };
		0783DEEE29A364F40066DCA6 /* ProfileSummary.swift in Sources */ = {isa = PBXBuildFile; fileRef = 0783DEED29A364F40066DCA6 /* ProfileSummary.swift */; };
		0783DEF029A3664A0066DCA6 /* HikeBadge.swift in Sources */ = {isa = PBXBuildFile; fileRef = 0783DEEF29A3664A0066DCA6 /* HikeBadge.swift */; };
		0783DEF229A36EEA0066DCA6 /* ProfileEditor.swift in Sources */ = {isa = PBXBuildFile; fileRef = 0783DEF129A36EEA0066DCA6 /* ProfileEditor.swift */; };
		0783DEF529A37ABA0066DCA6 /* PageViewController.swift in Sources */ = {isa = PBXBuildFile; fileRef = 0783DEF429A37ABA0066DCA6 /* PageViewController.swift */; };
		0783DEF729A37EF90066DCA6 /* FeatureCard.swift in Sources */ = {isa = PBXBuildFile; fileRef = 0783DEF629A37EF90066DCA6 /* FeatureCard.swift */; };
		0783DEF929A393EC0066DCA6 /* PageView.swift in Sources */ = {isa = PBXBuildFile; fileRef = 0783DEF829A393EC0066DCA6 /* PageView.swift */; };
		0783DEFB29A3A3450066DCA6 /* PageControll.swift in Sources */ = {isa = PBXBuildFile; fileRef = 0783DEFA29A3A3450066DCA6 /* PageControll.swift */; };
		0783DF0529A3AD660066DCA6 /* ContentView.swift in Sources */ = {isa = PBXBuildFile; fileRef = 0783DF0429A3AD660066DCA6 /* ContentView.swift */; };
		0783DF0729A3AD680066DCA6 /* Assets.xcassets in Resources */ = {isa = PBXBuildFile; fileRef = 0783DF0629A3AD680066DCA6 /* Assets.xcassets */; };
		0783DF0A29A3AD680066DCA6 /* Preview Assets.xcassets in Resources */ = {isa = PBXBuildFile; fileRef = 0783DF0929A3AD680066DCA6 /* Preview Assets.xcassets */; };
		0783DF1529A3AD680066DCA6 /* MacLandmarksTests.swift in Sources */ = {isa = PBXBuildFile; fileRef = 0783DF1429A3AD680066DCA6 /* MacLandmarksTests.swift */; };
		0783DF1F29A3AD680066DCA6 /* MacLandmarksUITests.swift in Sources */ = {isa = PBXBuildFile; fileRef = 0783DF1E29A3AD680066DCA6 /* MacLandmarksUITests.swift */; };
		0783DF2129A3AD680066DCA6 /* MacLandmarksUITestsLaunchTests.swift in Sources */ = {isa = PBXBuildFile; fileRef = 0783DF2029A3AD680066DCA6 /* MacLandmarksUITestsLaunchTests.swift */; };
		0783DF2B29A3AF540066DCA6 /* LandmarkRow.swift in Sources */ = {isa = PBXBuildFile; fileRef = 07C53689299C8C4A00FDEAFB /* LandmarkRow.swift */; };
		0783DF2C29A3AF540066DCA6 /* ModelData.swift in Sources */ = {isa = PBXBuildFile; fileRef = 07F4C72A299B677700E2EA0F /* ModelData.swift */; };
		0783DF2D29A3AF540066DCA6 /* LandmarksApp.swift in Sources */ = {isa = PBXBuildFile; fileRef = 0743DC942998F88800224FB3 /* LandmarksApp.swift */; };
		0783DF2E29A3AF540066DCA6 /* Landmark.swift in Sources */ = {isa = PBXBuildFile; fileRef = 07F4C727299B60FE00E2EA0F /* Landmark.swift */; };
		0783DF2F29A3AF540066DCA6 /* LandmarkList.swift in Sources */ = {isa = PBXBuildFile; fileRef = 07C5368B299C947500FDEAFB /* LandmarkList.swift */; };
		0783DF3029A3AF540066DCA6 /* Profile.swift in Sources */ = {isa = PBXBuildFile; fileRef = 0783DEE829A3618D0066DCA6 /* Profile.swift */; };
		0783DF3129A3AF540066DCA6 /* CircleImage.swift in Sources */ = {isa = PBXBuildFile; fileRef = 07F9D64A299A7908005F677D /* CircleImage.swift */; };
		0783DF3229A3AF540066DCA6 /* MapView.swift in Sources */ = {isa = PBXBuildFile; fileRef = 07F9D64C299A7C4A005F677D /* MapView.swift */; };
		0783DF3329A3AF540066DCA6 /* Assets.xcassets in Resources */ = {isa = PBXBuildFile; fileRef = 0743DC982998F88900224FB3 /* Assets.xcassets */; };
		0783DF3429A3AF540066DCA6 /* Hike.swift in Sources */ = {isa = PBXBuildFile; fileRef = 073A28EC29A244F600C82510 /* Hike.swift */; };
		0783DF3529A3AF540066DCA6 /* FavoriteButton.swift in Sources */ = {isa = PBXBuildFile; fileRef = 073A28DA29A1FEC100C82510 /* FavoriteButton.swift */; };
		0783DF3629A3AF540066DCA6 /* landmarkData.json in Resources */ = {isa = PBXBuildFile; fileRef = 07F4C724299B5CC100E2EA0F /* landmarkData.json */; };
		0783DF3729A3AF540066DCA6 /* hikeData.json in Resources */ = {isa = PBXBuildFile; fileRef = 073A28EA29A244B800C82510 /* hikeData.json */; };
		07C5368A299C8C4A00FDEAFB /* LandmarkRow.swift in Sources */ = {isa = PBXBuildFile; fileRef = 07C53689299C8C4A00FDEAFB /* LandmarkRow.swift */; };
		07C5368C299C947500FDEAFB /* LandmarkList.swift in Sources */ = {isa = PBXBuildFile; fileRef = 07C5368B299C947500FDEAFB /* LandmarkList.swift */; };
		07C53690299C9B1900FDEAFB /* LandmarkDetail.swift in Sources */ = {isa = PBXBuildFile; fileRef = 07C5368F299C9B1900FDEAFB /* LandmarkDetail.swift */; };
		07CE689929A25C9C00441214 /* CategoryHome.swift in Sources */ = {isa = PBXBuildFile; fileRef = 07CE689829A25C9C00441214 /* CategoryHome.swift */; };
		07CE689B29A25F9800441214 /* CategoryRow.swift in Sources */ = {isa = PBXBuildFile; fileRef = 07CE689A29A25F9800441214 /* CategoryRow.swift */; };
		07CE689D29A2612200441214 /* CategoryItem.swift in Sources */ = {isa = PBXBuildFile; fileRef = 07CE689C29A2612100441214 /* CategoryItem.swift */; };
		07F4C725299B5CC100E2EA0F /* landmarkData.json in Resources */ = {isa = PBXBuildFile; fileRef = 07F4C724299B5CC100E2EA0F /* landmarkData.json */; };
		07F4C726299B5CC100E2EA0F /* landmarkData.json in Resources */ = {isa = PBXBuildFile; fileRef = 07F4C724299B5CC100E2EA0F /* landmarkData.json */; };
		07F4C728299B60FE00E2EA0F /* Landmark.swift in Sources */ = {isa = PBXBuildFile; fileRef = 07F4C727299B60FE00E2EA0F /* Landmark.swift */; };
		07F4C729299B60FE00E2EA0F /* Landmark.swift in Sources */ = {isa = PBXBuildFile; fileRef = 07F4C727299B60FE00E2EA0F /* Landmark.swift */; };
		07F4C72B299B677700E2EA0F /* ModelData.swift in Sources */ = {isa = PBXBuildFile; fileRef = 07F4C72A299B677700E2EA0F /* ModelData.swift */; };
		07F4C72C299B677700E2EA0F /* ModelData.swift in Sources */ = {isa = PBXBuildFile; fileRef = 07F4C72A299B677700E2EA0F /* ModelData.swift */; };
		07F9D64B299A7908005F677D /* CircleImage.swift in Sources */ = {isa = PBXBuildFile; fileRef = 07F9D64A299A7908005F677D /* CircleImage.swift */; };
		07F9D64D299A7C4A005F677D /* MapView.swift in Sources */ = {isa = PBXBuildFile; fileRef = 07F9D64C299A7C4A005F677D /* MapView.swift */; };
/* End PBXBuildFile section */

/* Begin PBXContainerItemProxy section */
		0743DCA22998F88900224FB3 /* PBXContainerItemProxy */ = {
			isa = PBXContainerItemProxy;
			containerPortal = 0743DC892998F88800224FB3 /* Project object */;
			proxyType = 1;
			remoteGlobalIDString = 0743DC902998F88800224FB3;
			remoteInfo = Landmarks;
		};
		0743DCAC2998F88900224FB3 /* PBXContainerItemProxy */ = {
			isa = PBXContainerItemProxy;
			containerPortal = 0743DC892998F88800224FB3 /* Project object */;
			proxyType = 1;
			remoteGlobalIDString = 0743DC902998F88800224FB3;
			remoteInfo = Landmarks;
		};
		0783DF1129A3AD680066DCA6 /* PBXContainerItemProxy */ = {
			isa = PBXContainerItemProxy;
			containerPortal = 0743DC892998F88800224FB3 /* Project object */;
			proxyType = 1;
			remoteGlobalIDString = 0783DEFF29A3AD660066DCA6;
			remoteInfo = MacLandmarks;
		};
		0783DF1B29A3AD680066DCA6 /* PBXContainerItemProxy */ = {
			isa = PBXContainerItemProxy;
			containerPortal = 0743DC892998F88800224FB3 /* Project object */;
			proxyType = 1;
			remoteGlobalIDString = 0783DEFF29A3AD660066DCA6;
			remoteInfo = MacLandmarks;
		};
/* End PBXContainerItemProxy section */

/* Begin PBXFileReference section */
		073A28DA29A1FEC100C82510 /* FavoriteButton.swift */ = {isa = PBXFileReference; lastKnownFileType = sourcecode.swift; path = FavoriteButton.swift; sourceTree = "<group>"; };
		073A28DF29A20C2700C82510 /* HexagonParameters.swift */ = {isa = PBXFileReference; lastKnownFileType = sourcecode.swift; path = HexagonParameters.swift; sourceTree = "<group>"; };
		073A28E129A2119900C82510 /* BadgeBackground.swift */ = {isa = PBXFileReference; lastKnownFileType = sourcecode.swift; path = BadgeBackground.swift; sourceTree = "<group>"; };
		073A28E329A23DC200C82510 /* BadgeSymbol.swift */ = {isa = PBXFileReference; lastKnownFileType = sourcecode.swift; path = BadgeSymbol.swift; sourceTree = "<group>"; };
		073A28E529A2404100C82510 /* RotatedBadgeSymbol.swift */ = {isa = PBXFileReference; lastKnownFileType = sourcecode.swift; path = RotatedBadgeSymbol.swift; sourceTree = "<group>"; };
		073A28E729A241D600C82510 /* Badge.swift */ = {isa = PBXFileReference; lastKnownFileType = sourcecode.swift; path = Badge.swift; sourceTree = "<group>"; };
		073A28EA29A244B800C82510 /* hikeData.json */ = {isa = PBXFileReference; fileEncoding = 4; lastKnownFileType = text.json; path = hikeData.json; sourceTree = "<group>"; };
		073A28EC29A244F600C82510 /* Hike.swift */ = {isa = PBXFileReference; lastKnownFileType = sourcecode.swift; path = Hike.swift; sourceTree = "<group>"; };
		073A28EF29A2466A00C82510 /* GraphCapsule.swift */ = {isa = PBXFileReference; fileEncoding = 4; lastKnownFileType = sourcecode.swift; path = GraphCapsule.swift; sourceTree = "<group>"; };
		073A28F029A2466A00C82510 /* HikeGraph.swift */ = {isa = PBXFileReference; fileEncoding = 4; lastKnownFileType = sourcecode.swift; path = HikeGraph.swift; sourceTree = "<group>"; };
		073A28F129A2466A00C82510 /* HikeDetail.swift */ = {isa = PBXFileReference; fileEncoding = 4; lastKnownFileType = sourcecode.swift; path = HikeDetail.swift; sourceTree = "<group>"; };
		073A28F229A2466A00C82510 /* HikeView.swift */ = {isa = PBXFileReference; fileEncoding = 4; lastKnownFileType = sourcecode.swift; path = HikeView.swift; sourceTree = "<group>"; };
		0743DC912998F88800224FB3 /* Landmarks.app */ = {isa = PBXFileReference; explicitFileType = wrapper.application; includeInIndex = 0; path = Landmarks.app; sourceTree = BUILT_PRODUCTS_DIR; };
		0743DC942998F88800224FB3 /* LandmarksApp.swift */ = {isa = PBXFileReference; lastKnownFileType = sourcecode.swift; path = LandmarksApp.swift; sourceTree = "<group>"; };
		0743DC962998F88800224FB3 /* ContentView.swift */ = {isa = PBXFileReference; lastKnownFileType = sourcecode.swift; path = ContentView.swift; sourceTree = "<group>"; };
		0743DC982998F88900224FB3 /* Assets.xcassets */ = {isa = PBXFileReference; lastKnownFileType = folder.assetcatalog; path = Assets.xcassets; sourceTree = "<group>"; };
		0743DC9B2998F88900224FB3 /* Preview Assets.xcassets */ = {isa = PBXFileReference; lastKnownFileType = folder.assetcatalog; path = "Preview Assets.xcassets"; sourceTree = "<group>"; };
		0743DCA12998F88900224FB3 /* LandmarksTests.xctest */ = {isa = PBXFileReference; explicitFileType = wrapper.cfbundle; includeInIndex = 0; path = LandmarksTests.xctest; sourceTree = BUILT_PRODUCTS_DIR; };
		0743DCA52998F88900224FB3 /* LandmarksTests.swift */ = {isa = PBXFileReference; lastKnownFileType = sourcecode.swift; path = LandmarksTests.swift; sourceTree = "<group>"; };
		0743DCAB2998F88900224FB3 /* LandmarksUITests.xctest */ = {isa = PBXFileReference; explicitFileType = wrapper.cfbundle; includeInIndex = 0; path = LandmarksUITests.xctest; sourceTree = BUILT_PRODUCTS_DIR; };
		0743DCAF2998F88900224FB3 /* LandmarksUITests.swift */ = {isa = PBXFileReference; lastKnownFileType = sourcecode.swift; path = LandmarksUITests.swift; sourceTree = "<group>"; };
		0743DCB12998F88900224FB3 /* LandmarksUITestsLaunchTests.swift */ = {isa = PBXFileReference; lastKnownFileType = sourcecode.swift; path = LandmarksUITestsLaunchTests.swift; sourceTree = "<group>"; };
		0783DEE829A3618D0066DCA6 /* Profile.swift */ = {isa = PBXFileReference; lastKnownFileType = sourcecode.swift; path = Profile.swift; sourceTree = "<group>"; };
		0783DEEB29A3635A0066DCA6 /* ProfileHost.swift */ = {isa = PBXFileReference; lastKnownFileType = sourcecode.swift; path = ProfileHost.swift; sourceTree = "<group>"; };
		0783DEED29A364F40066DCA6 /* ProfileSummary.swift */ = {isa = PBXFileReference; lastKnownFileType = sourcecode.swift; path = ProfileSummary.swift; sourceTree = "<group>"; };
		0783DEEF29A3664A0066DCA6 /* HikeBadge.swift */ = {isa = PBXFileReference; lastKnownFileType = sourcecode.swift; path = HikeBadge.swift; sourceTree = "<group>"; };
		0783DEF129A36EEA0066DCA6 /* ProfileEditor.swift */ = {isa = PBXFileReference; lastKnownFileType = sourcecode.swift; path = ProfileEditor.swift; sourceTree = "<group>"; };
		0783DEF429A37ABA0066DCA6 /* PageViewController.swift */ = {isa = PBXFileReference; lastKnownFileType = sourcecode.swift; path = PageViewController.swift; sourceTree = "<group>"; };
		0783DEF629A37EF90066DCA6 /* FeatureCard.swift */ = {isa = PBXFileReference; lastKnownFileType = sourcecode.swift; path = FeatureCard.swift; sourceTree = "<group>"; };
		0783DEF829A393EC0066DCA6 /* PageView.swift */ = {isa = PBXFileReference; lastKnownFileType = sourcecode.swift; path = PageView.swift; sourceTree = "<group>"; };
		0783DEFA29A3A3450066DCA6 /* PageControll.swift */ = {isa = PBXFileReference; lastKnownFileType = sourcecode.swift; path = PageControll.swift; sourceTree = "<group>"; };
		0783DF0029A3AD660066DCA6 /* MacLandmarks.app */ = {isa = PBXFileReference; explicitFileType = wrapper.application; includeInIndex = 0; path = MacLandmarks.app; sourceTree = BUILT_PRODUCTS_DIR; };
		0783DF0429A3AD660066DCA6 /* ContentView.swift */ = {isa = PBXFileReference; lastKnownFileType = sourcecode.swift; path = ContentView.swift; sourceTree = "<group>"; };
		0783DF0629A3AD680066DCA6 /* Assets.xcassets */ = {isa = PBXFileReference; lastKnownFileType = folder.assetcatalog; path = Assets.xcassets; sourceTree = "<group>"; };
		0783DF0929A3AD680066DCA6 /* Preview Assets.xcassets */ = {isa = PBXFileReference; lastKnownFileType = folder.assetcatalog; path = "Preview Assets.xcassets"; sourceTree = "<group>"; };
		0783DF0B29A3AD680066DCA6 /* MacLandmarks.entitlements */ = {isa = PBXFileReference; lastKnownFileType = text.plist.entitlements; path = MacLandmarks.entitlements; sourceTree = "<group>"; };
		0783DF1029A3AD680066DCA6 /* MacLandmarksTests.xctest */ = {isa = PBXFileReference; explicitFileType = wrapper.cfbundle; includeInIndex = 0; path = MacLandmarksTests.xctest; sourceTree = BUILT_PRODUCTS_DIR; };
		0783DF1429A3AD680066DCA6 /* MacLandmarksTests.swift */ = {isa = PBXFileReference; lastKnownFileType = sourcecode.swift; path = MacLandmarksTests.swift; sourceTree = "<group>"; };
		0783DF1A29A3AD680066DCA6 /* MacLandmarksUITests.xctest */ = {isa = PBXFileReference; explicitFileType = wrapper.cfbundle; includeInIndex = 0; path = MacLandmarksUITests.xctest; sourceTree = BUILT_PRODUCTS_DIR; };
		0783DF1E29A3AD680066DCA6 /* MacLandmarksUITests.swift */ = {isa = PBXFileReference; lastKnownFileType = sourcecode.swift; path = MacLandmarksUITests.swift; sourceTree = "<group>"; };
		0783DF2029A3AD680066DCA6 /* MacLandmarksUITestsLaunchTests.swift */ = {isa = PBXFileReference; lastKnownFileType = sourcecode.swift; path = MacLandmarksUITestsLaunchTests.swift; sourceTree = "<group>"; };
		07C53689299C8C4A00FDEAFB /* LandmarkRow.swift */ = {isa = PBXFileReference; lastKnownFileType = sourcecode.swift; path = LandmarkRow.swift; sourceTree = "<group>"; };
		07C5368B299C947500FDEAFB /* LandmarkList.swift */ = {isa = PBXFileReference; lastKnownFileType = sourcecode.swift; path = LandmarkList.swift; sourceTree = "<group>"; };
		07C5368F299C9B1900FDEAFB /* LandmarkDetail.swift */ = {isa = PBXFileReference; lastKnownFileType = sourcecode.swift; path = LandmarkDetail.swift; sourceTree = "<group>"; };
		07CE689829A25C9C00441214 /* CategoryHome.swift */ = {isa = PBXFileReference; lastKnownFileType = sourcecode.swift; path = CategoryHome.swift; sourceTree = "<group>"; };
		07CE689A29A25F9800441214 /* CategoryRow.swift */ = {isa = PBXFileReference; lastKnownFileType = sourcecode.swift; path = CategoryRow.swift; sourceTree = "<group>"; };
		07CE689C29A2612100441214 /* CategoryItem.swift */ = {isa = PBXFileReference; lastKnownFileType = sourcecode.swift; path = CategoryItem.swift; sourceTree = "<group>"; };
		07F4C724299B5CC100E2EA0F /* landmarkData.json */ = {isa = PBXFileReference; fileEncoding = 4; lastKnownFileType = text.json; path = landmarkData.json; sourceTree = "<group>"; };
		07F4C727299B60FE00E2EA0F /* Landmark.swift */ = {isa = PBXFileReference; lastKnownFileType = sourcecode.swift; path = Landmark.swift; sourceTree = "<group>"; };
		07F4C72A299B677700E2EA0F /* ModelData.swift */ = {isa = PBXFileReference; lastKnownFileType = sourcecode.swift; path = ModelData.swift; sourceTree = "<group>"; };
		07F9D64A299A7908005F677D /* CircleImage.swift */ = {isa = PBXFileReference; lastKnownFileType = sourcecode.swift; path = CircleImage.swift; sourceTree = "<group>"; };
		07F9D64C299A7C4A005F677D /* MapView.swift */ = {isa = PBXFileReference; lastKnownFileType = sourcecode.swift; path = MapView.swift; sourceTree = "<group>"; };
/* End PBXFileReference section */

/* Begin PBXFrameworksBuildPhase section */
		0743DC8E2998F88800224FB3 /* Frameworks */ = {
			isa = PBXFrameworksBuildPhase;
			buildActionMask = 2147483647;
			files = (
			);
			runOnlyForDeploymentPostprocessing = 0;
		};
		0743DC9E2998F88900224FB3 /* Frameworks */ = {
			isa = PBXFrameworksBuildPhase;
			buildActionMask = 2147483647;
			files = (
			);
			runOnlyForDeploymentPostprocessing = 0;
		};
		0743DCA82998F88900224FB3 /* Frameworks */ = {
			isa = PBXFrameworksBuildPhase;
			buildActionMask = 2147483647;
			files = (
			);
			runOnlyForDeploymentPostprocessing = 0;
		};
		0783DEFD29A3AD660066DCA6 /* Frameworks */ = {
			isa = PBXFrameworksBuildPhase;
			buildActionMask = 2147483647;
			files = (
			);
			runOnlyForDeploymentPostprocessing = 0;
		};
		0783DF0D29A3AD680066DCA6 /* Frameworks */ = {
			isa = PBXFrameworksBuildPhase;
			buildActionMask = 2147483647;
			files = (
			);
			runOnlyForDeploymentPostprocessing = 0;
		};
		0783DF1729A3AD680066DCA6 /* Frameworks */ = {
			isa = PBXFrameworksBuildPhase;
			buildActionMask = 2147483647;
			files = (
			);
			runOnlyForDeploymentPostprocessing = 0;
		};
/* End PBXFrameworksBuildPhase section */

/* Begin PBXGroup section */
		073A28DD29A2014C00C82510 /* Landmarks */ = {
			isa = PBXGroup;
			children = (
				07C5368F299C9B1900FDEAFB /* LandmarkDetail.swift */,
				07C53689299C8C4A00FDEAFB /* LandmarkRow.swift */,
				07C5368B299C947500FDEAFB /* LandmarkList.swift */,
			);
			path = Landmarks;
			sourceTree = "<group>";
		};
		073A28DE29A2016F00C82510 /* Helpers */ = {
			isa = PBXGroup;
			children = (
				07F9D64A299A7908005F677D /* CircleImage.swift */,
				07F9D64C299A7C4A005F677D /* MapView.swift */,
				073A28DA29A1FEC100C82510 /* FavoriteButton.swift */,
			);
			path = Helpers;
			sourceTree = "<group>";
		};
		073A28E929A2435900C82510 /* Badges */ = {
			isa = PBXGroup;
			children = (
				0783DEEF29A3664A0066DCA6 /* HikeBadge.swift */,
				073A28DF29A20C2700C82510 /* HexagonParameters.swift */,
				073A28E129A2119900C82510 /* BadgeBackground.swift */,
				073A28E329A23DC200C82510 /* BadgeSymbol.swift */,
				073A28E529A2404100C82510 /* RotatedBadgeSymbol.swift */,
				073A28E729A241D600C82510 /* Badge.swift */,
			);
			path = Badges;
			sourceTree = "<group>";
		};
		073A28EE29A2466A00C82510 /* Hikes */ = {
			isa = PBXGroup;
			children = (
				073A28EF29A2466A00C82510 /* GraphCapsule.swift */,
				073A28F029A2466A00C82510 /* HikeGraph.swift */,
				073A28F129A2466A00C82510 /* HikeDetail.swift */,
				073A28F229A2466A00C82510 /* HikeView.swift */,
			);
			path = Hikes;
			sourceTree = "<group>";
		};
		0743DC882998F88800224FB3 = {
			isa = PBXGroup;
			children = (
				0743DC932998F88800224FB3 /* Landmarks */,
				0743DCA42998F88900224FB3 /* LandmarksTests */,
				0743DCAE2998F88900224FB3 /* LandmarksUITests */,
				0783DF0129A3AD660066DCA6 /* MacLandmarks */,
				0783DF1329A3AD680066DCA6 /* MacLandmarksTests */,
				0783DF1D29A3AD680066DCA6 /* MacLandmarksUITests */,
				0743DC922998F88800224FB3 /* Products */,
			);
			sourceTree = "<group>";
		};
		0743DC922998F88800224FB3 /* Products */ = {
			isa = PBXGroup;
			children = (
				0743DC912998F88800224FB3 /* Landmarks.app */,
				0743DCA12998F88900224FB3 /* LandmarksTests.xctest */,
				0743DCAB2998F88900224FB3 /* LandmarksUITests.xctest */,
				0783DF0029A3AD660066DCA6 /* MacLandmarks.app */,
				0783DF1029A3AD680066DCA6 /* MacLandmarksTests.xctest */,
				0783DF1A29A3AD680066DCA6 /* MacLandmarksUITests.xctest */,
			);
			name = Products;
			sourceTree = "<group>";
		};
		0743DC932998F88800224FB3 /* Landmarks */ = {
			isa = PBXGroup;
			children = (
				07F4C72F299B9F9700E2EA0F /* Resources */,
				0743DC942998F88800224FB3 /* LandmarksApp.swift */,
				07F4C72D299B9F4300E2EA0F /* Views */,
				07F4C72E299B9F6D00E2EA0F /* Model */,
				0743DC982998F88900224FB3 /* Assets.xcassets */,
				0743DC9A2998F88900224FB3 /* Preview Content */,
			);
			path = Landmarks;
			sourceTree = "<group>";
		};
		0743DC9A2998F88900224FB3 /* Preview Content */ = {
			isa = PBXGroup;
			children = (
				0743DC9B2998F88900224FB3 /* Preview Assets.xcassets */,
			);
			path = "Preview Content";
			sourceTree = "<group>";
		};
		0743DCA42998F88900224FB3 /* LandmarksTests */ = {
			isa = PBXGroup;
			children = (
				0743DCA52998F88900224FB3 /* LandmarksTests.swift */,
			);
			path = LandmarksTests;
			sourceTree = "<group>";
		};
		0743DCAE2998F88900224FB3 /* LandmarksUITests */ = {
			isa = PBXGroup;
			children = (
				0743DCAF2998F88900224FB3 /* LandmarksUITests.swift */,
				0743DCB12998F88900224FB3 /* LandmarksUITestsLaunchTests.swift */,
			);
			path = LandmarksUITests;
			sourceTree = "<group>";
		};
		0783DEEA29A3632F0066DCA6 /* Profiles */ = {
			isa = PBXGroup;
			children = (
				0783DEEB29A3635A0066DCA6 /* ProfileHost.swift */,
				0783DEED29A364F40066DCA6 /* ProfileSummary.swift */,
				0783DEF129A36EEA0066DCA6 /* ProfileEditor.swift */,
			);
			path = Profiles;
			sourceTree = "<group>";
		};
		0783DEF329A37AA00066DCA6 /* PageView */ = {
			isa = PBXGroup;
			children = (
				0783DEF429A37ABA0066DCA6 /* PageViewController.swift */,
				0783DEF629A37EF90066DCA6 /* FeatureCard.swift */,
				0783DEF829A393EC0066DCA6 /* PageView.swift */,
				0783DEFA29A3A3450066DCA6 /* PageControll.swift */,
			);
			path = PageView;
			sourceTree = "<group>";
		};
		0783DF0129A3AD660066DCA6 /* MacLandmarks */ = {
			isa = PBXGroup;
			children = (
				0783DF0429A3AD660066DCA6 /* ContentView.swift */,
				0783DF0629A3AD680066DCA6 /* Assets.xcassets */,
				0783DF0B29A3AD680066DCA6 /* MacLandmarks.entitlements */,
				0783DF0829A3AD680066DCA6 /* Preview Content */,
			);
			path = MacLandmarks;
			sourceTree = "<group>";
		};
		0783DF0829A3AD680066DCA6 /* Preview Content */ = {
			isa = PBXGroup;
			children = (
				0783DF0929A3AD680066DCA6 /* Preview Assets.xcassets */,
			);
			path = "Preview Content";
			sourceTree = "<group>";
		};
		0783DF1329A3AD680066DCA6 /* MacLandmarksTests */ = {
			isa = PBXGroup;
			children = (
				0783DF1429A3AD680066DCA6 /* MacLandmarksTests.swift */,
			);
			path = MacLandmarksTests;
			sourceTree = "<group>";
		};
		0783DF1D29A3AD680066DCA6 /* MacLandmarksUITests */ = {
			isa = PBXGroup;
			children = (
				0783DF1E29A3AD680066DCA6 /* MacLandmarksUITests.swift */,
				0783DF2029A3AD680066DCA6 /* MacLandmarksUITestsLaunchTests.swift */,
			);
			path = MacLandmarksUITests;
			sourceTree = "<group>";
		};
		07CE689729A25C7800441214 /* Categories */ = {
			isa = PBXGroup;
			children = (
				07CE689829A25C9C00441214 /* CategoryHome.swift */,
				07CE689A29A25F9800441214 /* CategoryRow.swift */,
				07CE689C29A2612100441214 /* CategoryItem.swift */,
			);
			path = Categories;
			sourceTree = "<group>";
		};
		07F4C72D299B9F4300E2EA0F /* Views */ = {
			isa = PBXGroup;
			children = (
				0783DEF329A37AA00066DCA6 /* PageView */,
				0783DEEA29A3632F0066DCA6 /* Profiles */,
				07CE689729A25C7800441214 /* Categories */,
				073A28EE29A2466A00C82510 /* Hikes */,
				0743DC962998F88800224FB3 /* ContentView.swift */,
				073A28E929A2435900C82510 /* Badges */,
				073A28DD29A2014C00C82510 /* Landmarks */,
				073A28DE29A2016F00C82510 /* Helpers */,
			);
			path = Views;
			sourceTree = "<group>";
		};
		07F4C72E299B9F6D00E2EA0F /* Model */ = {
			isa = PBXGroup;
			children = (
				07F4C727299B60FE00E2EA0F /* Landmark.swift */,
				07F4C72A299B677700E2EA0F /* ModelData.swift */,
				073A28EC29A244F600C82510 /* Hike.swift */,
				0783DEE829A3618D0066DCA6 /* Profile.swift */,
			);
			path = Model;
			sourceTree = "<group>";
		};
		07F4C72F299B9F9700E2EA0F /* Resources */ = {
			isa = PBXGroup;
			children = (
				073A28EA29A244B800C82510 /* hikeData.json */,
				07F4C724299B5CC100E2EA0F /* landmarkData.json */,
			);
			path = Resources;
			sourceTree = "<group>";
		};
/* End PBXGroup section */

/* Begin PBXNativeTarget section */
		0743DC902998F88800224FB3 /* Landmarks */ = {
			isa = PBXNativeTarget;
			buildConfigurationList = 0743DCB52998F88900224FB3 /* Build configuration list for PBXNativeTarget "Landmarks" */;
			buildPhases = (
				0743DC8D2998F88800224FB3 /* Sources */,
				0743DC8E2998F88800224FB3 /* Frameworks */,
				0743DC8F2998F88800224FB3 /* Resources */,
			);
			buildRules = (
			);
			dependencies = (
			);
			name = Landmarks;
			productName = Landmarks;
			productReference = 0743DC912998F88800224FB3 /* Landmarks.app */;
			productType = "com.apple.product-type.application";
		};
		0743DCA02998F88900224FB3 /* LandmarksTests */ = {
			isa = PBXNativeTarget;
			buildConfigurationList = 0743DCB82998F88900224FB3 /* Build configuration list for PBXNativeTarget "LandmarksTests" */;
			buildPhases = (
				0743DC9D2998F88900224FB3 /* Sources */,
				0743DC9E2998F88900224FB3 /* Frameworks */,
				0743DC9F2998F88900224FB3 /* Resources */,
			);
			buildRules = (
			);
			dependencies = (
				0743DCA32998F88900224FB3 /* PBXTargetDependency */,
			);
			name = LandmarksTests;
			productName = LandmarksTests;
			productReference = 0743DCA12998F88900224FB3 /* LandmarksTests.xctest */;
			productType = "com.apple.product-type.bundle.unit-test";
		};
		0743DCAA2998F88900224FB3 /* LandmarksUITests */ = {
			isa = PBXNativeTarget;
			buildConfigurationList = 0743DCBB2998F88900224FB3 /* Build configuration list for PBXNativeTarget "LandmarksUITests" */;
			buildPhases = (
				0743DCA72998F88900224FB3 /* Sources */,
				0743DCA82998F88900224FB3 /* Frameworks */,
				0743DCA92998F88900224FB3 /* Resources */,
			);
			buildRules = (
			);
			dependencies = (
				0743DCAD2998F88900224FB3 /* PBXTargetDependency */,
			);
			name = LandmarksUITests;
			productName = LandmarksUITests;
			productReference = 0743DCAB2998F88900224FB3 /* LandmarksUITests.xctest */;
			productType = "com.apple.product-type.bundle.ui-testing";
		};
		0783DEFF29A3AD660066DCA6 /* MacLandmarks */ = {
			isa = PBXNativeTarget;
			buildConfigurationList = 0783DF2229A3AD680066DCA6 /* Build configuration list for PBXNativeTarget "MacLandmarks" */;
			buildPhases = (
				0783DEFC29A3AD660066DCA6 /* Sources */,
				0783DEFD29A3AD660066DCA6 /* Frameworks */,
				0783DEFE29A3AD660066DCA6 /* Resources */,
			);
			buildRules = (
			);
			dependencies = (
			);
			name = MacLandmarks;
			productName = MacLandmarks;
			productReference = 0783DF0029A3AD660066DCA6 /* MacLandmarks.app */;
			productType = "com.apple.product-type.application";
		};
		0783DF0F29A3AD680066DCA6 /* MacLandmarksTests */ = {
			isa = PBXNativeTarget;
			buildConfigurationList = 0783DF2529A3AD680066DCA6 /* Build configuration list for PBXNativeTarget "MacLandmarksTests" */;
			buildPhases = (
				0783DF0C29A3AD680066DCA6 /* Sources */,
				0783DF0D29A3AD680066DCA6 /* Frameworks */,
				0783DF0E29A3AD680066DCA6 /* Resources */,
			);
			buildRules = (
			);
			dependencies = (
				0783DF1229A3AD680066DCA6 /* PBXTargetDependency */,
			);
			name = MacLandmarksTests;
			productName = MacLandmarksTests;
			productReference = 0783DF1029A3AD680066DCA6 /* MacLandmarksTests.xctest */;
			productType = "com.apple.product-type.bundle.unit-test";
		};
		0783DF1929A3AD680066DCA6 /* MacLandmarksUITests */ = {
			isa = PBXNativeTarget;
			buildConfigurationList = 0783DF2829A3AD680066DCA6 /* Build configuration list for PBXNativeTarget "MacLandmarksUITests" */;
			buildPhases = (
				0783DF1629A3AD680066DCA6 /* Sources */,
				0783DF1729A3AD680066DCA6 /* Frameworks */,
				0783DF1829A3AD680066DCA6 /* Resources */,
			);
			buildRules = (
			);
			dependencies = (
				0783DF1C29A3AD680066DCA6 /* PBXTargetDependency */,
			);
			name = MacLandmarksUITests;
			productName = MacLandmarksUITests;
			productReference = 0783DF1A29A3AD680066DCA6 /* MacLandmarksUITests.xctest */;
			productType = "com.apple.product-type.bundle.ui-testing";
		};
/* End PBXNativeTarget section */

/* Begin PBXProject section */
		0743DC892998F88800224FB3 /* Project object */ = {
			isa = PBXProject;
			attributes = {
				BuildIndependentTargetsInParallel = 1;
				LastSwiftUpdateCheck = 1420;
				LastUpgradeCheck = 1420;
				TargetAttributes = {
					0743DC902998F88800224FB3 = {
						CreatedOnToolsVersion = 14.2;
					};
					0743DCA02998F88900224FB3 = {
						CreatedOnToolsVersion = 14.2;
						TestTargetID = 0743DC902998F88800224FB3;
					};
					0743DCAA2998F88900224FB3 = {
						CreatedOnToolsVersion = 14.2;
						TestTargetID = 0743DC902998F88800224FB3;
					};
					0783DEFF29A3AD660066DCA6 = {
						CreatedOnToolsVersion = 14.2;
					};
					0783DF0F29A3AD680066DCA6 = {
						CreatedOnToolsVersion = 14.2;
						TestTargetID = 0783DEFF29A3AD660066DCA6;
					};
					0783DF1929A3AD680066DCA6 = {
						CreatedOnToolsVersion = 14.2;
						TestTargetID = 0783DEFF29A3AD660066DCA6;
					};
				};
			};
			buildConfigurationList = 0743DC8C2998F88800224FB3 /* Build configuration list for PBXProject "Landmarks" */;
			compatibilityVersion = "Xcode 14.0";
			developmentRegion = en;
			hasScannedForEncodings = 0;
			knownRegions = (
				en,
				Base,
			);
			mainGroup = 0743DC882998F88800224FB3;
			productRefGroup = 0743DC922998F88800224FB3 /* Products */;
			projectDirPath = "";
			projectRoot = "";
			targets = (
				0743DC902998F88800224FB3 /* Landmarks */,
				0743DCA02998F88900224FB3 /* LandmarksTests */,
				0743DCAA2998F88900224FB3 /* LandmarksUITests */,
				0783DEFF29A3AD660066DCA6 /* MacLandmarks */,
				0783DF0F29A3AD680066DCA6 /* MacLandmarksTests */,
				0783DF1929A3AD680066DCA6 /* MacLandmarksUITests */,
			);
		};
/* End PBXProject section */

/* Begin PBXResourcesBuildPhase section */
		0743DC8F2998F88800224FB3 /* Resources */ = {
			isa = PBXResourcesBuildPhase;
			buildActionMask = 2147483647;
			files = (
				073A28EB29A244B800C82510 /* hikeData.json in Resources */,
				0743DC9C2998F88900224FB3 /* Preview Assets.xcassets in Resources */,
				0743DC992998F88900224FB3 /* Assets.xcassets in Resources */,
				07F4C725299B5CC100E2EA0F /* landmarkData.json in Resources */,
			);
			runOnlyForDeploymentPostprocessing = 0;
		};
		0743DC9F2998F88900224FB3 /* Resources */ = {
			isa = PBXResourcesBuildPhase;
			buildActionMask = 2147483647;
			files = (
			);
			runOnlyForDeploymentPostprocessing = 0;
		};
		0743DCA92998F88900224FB3 /* Resources */ = {
			isa = PBXResourcesBuildPhase;
			buildActionMask = 2147483647;
			files = (
				07F4C726299B5CC100E2EA0F /* landmarkData.json in Resources */,
			);
			runOnlyForDeploymentPostprocessing = 0;
		};
		0783DEFE29A3AD660066DCA6 /* Resources */ = {
			isa = PBXResourcesBuildPhase;
			buildActionMask = 2147483647;
			files = (
				0783DF0A29A3AD680066DCA6 /* Preview Assets.xcassets in Resources */,
				0783DF3629A3AF540066DCA6 /* landmarkData.json in Resources */,
				0783DF3329A3AF540066DCA6 /* Assets.xcassets in Resources */,
				0783DF0729A3AD680066DCA6 /* Assets.xcassets in Resources */,
				0783DF3729A3AF540066DCA6 /* hikeData.json in Resources */,
			);
			runOnlyForDeploymentPostprocessing = 0;
		};
		0783DF0E29A3AD680066DCA6 /* Resources */ = {
			isa = PBXResourcesBuildPhase;
			buildActionMask = 2147483647;
			files = (
			);
			runOnlyForDeploymentPostprocessing = 0;
		};
		0783DF1829A3AD680066DCA6 /* Resources */ = {
			isa = PBXResourcesBuildPhase;
			buildActionMask = 2147483647;
			files = (
			);
			runOnlyForDeploymentPostprocessing = 0;
		};
/* End PBXResourcesBuildPhase section */

/* Begin PBXSourcesBuildPhase section */
		0743DC8D2998F88800224FB3 /* Sources */ = {
			isa = PBXSourcesBuildPhase;
			buildActionMask = 2147483647;
			files = (
				07CE689B29A25F9800441214 /* CategoryRow.swift in Sources */,
				0783DEE929A3618D0066DCA6 /* Profile.swift in Sources */,
				0743DC972998F88800224FB3 /* ContentView.swift in Sources */,
				07CE689929A25C9C00441214 /* CategoryHome.swift in Sources */,
				0783DEF729A37EF90066DCA6 /* FeatureCard.swift in Sources */,
				073A28F429A2466A00C82510 /* HikeGraph.swift in Sources */,
				073A28E829A241D600C82510 /* Badge.swift in Sources */,
				07F9D64D299A7C4A005F677D /* MapView.swift in Sources */,
				073A28F329A2466A00C82510 /* GraphCapsule.swift in Sources */,
				0743DC952998F88800224FB3 /* LandmarksApp.swift in Sources */,
				073A28DB29A1FEC100C82510 /* FavoriteButton.swift in Sources */,
				07CE689D29A2612200441214 /* CategoryItem.swift in Sources */,
				073A28F529A2466A00C82510 /* HikeDetail.swift in Sources */,
				0783DEEE29A364F40066DCA6 /* ProfileSummary.swift in Sources */,
				073A28E029A20C2700C82510 /* HexagonParameters.swift in Sources */,
				0783DEEC29A3635A0066DCA6 /* ProfileHost.swift in Sources */,
				073A28ED29A244F600C82510 /* Hike.swift in Sources */,
				073A28E629A2404100C82510 /* RotatedBadgeSymbol.swift in Sources */,
				0783DEF929A393EC0066DCA6 /* PageView.swift in Sources */,
				073A28E429A23DC200C82510 /* BadgeSymbol.swift in Sources */,
				0783DEF229A36EEA0066DCA6 /* ProfileEditor.swift in Sources */,
				07C5368C299C947500FDEAFB /* LandmarkList.swift in Sources */,
				073A28F629A2466A00C82510 /* HikeView.swift in Sources */,
				0783DEFB29A3A3450066DCA6 /* PageControll.swift in Sources */,
				07C53690299C9B1900FDEAFB /* LandmarkDetail.swift in Sources */,
				0783DEF529A37ABA0066DCA6 /* PageViewController.swift in Sources */,
				073A28E229A2119900C82510 /* BadgeBackground.swift in Sources */,
				0783DEF029A3664A0066DCA6 /* HikeBadge.swift in Sources */,
				07F9D64B299A7908005F677D /* CircleImage.swift in Sources */,
				07F4C728299B60FE00E2EA0F /* Landmark.swift in Sources */,
				07C5368A299C8C4A00FDEAFB /* LandmarkRow.swift in Sources */,
				07F4C72B299B677700E2EA0F /* ModelData.swift in Sources */,
			);
			runOnlyForDeploymentPostprocessing = 0;
		};
		0743DC9D2998F88900224FB3 /* Sources */ = {
			isa = PBXSourcesBuildPhase;
			buildActionMask = 2147483647;
			files = (
				0743DCA62998F88900224FB3 /* LandmarksTests.swift in Sources */,
			);
			runOnlyForDeploymentPostprocessing = 0;
		};
		0743DCA72998F88900224FB3 /* Sources */ = {
			isa = PBXSourcesBuildPhase;
			buildActionMask = 2147483647;
			files = (
				0743DCB22998F88900224FB3 /* LandmarksUITestsLaunchTests.swift in Sources */,
				07F4C72C299B677700E2EA0F /* ModelData.swift in Sources */,
				0743DCB02998F88900224FB3 /* LandmarksUITests.swift in Sources */,
				07F4C729299B60FE00E2EA0F /* Landmark.swift in Sources */,
			);
			runOnlyForDeploymentPostprocessing = 0;
		};
		0783DEFC29A3AD660066DCA6 /* Sources */ = {
			isa = PBXSourcesBuildPhase;
			buildActionMask = 2147483647;
			files = (
				0783DF3429A3AF540066DCA6 /* Hike.swift in Sources */,
				0783DF2B29A3AF540066DCA6 /* LandmarkRow.swift in Sources */,
				0783DF3129A3AF540066DCA6 /* CircleImage.swift in Sources */,
				0783DF2F29A3AF540066DCA6 /* LandmarkList.swift in Sources */,
				0783DF0529A3AD660066DCA6 /* ContentView.swift in Sources */,
				0783DF3029A3AF540066DCA6 /* Profile.swift in Sources */,
				0783DF2C29A3AF540066DCA6 /* ModelData.swift in Sources */,
				0783DF2D29A3AF540066DCA6 /* LandmarksApp.swift in Sources */,
				0783DF3229A3AF540066DCA6 /* MapView.swift in Sources */,
				0783DF3529A3AF540066DCA6 /* FavoriteButton.swift in Sources */,
				0783DF2E29A3AF540066DCA6 /* Landmark.swift in Sources */,
			);
			runOnlyForDeploymentPostprocessing = 0;
		};
		0783DF0C29A3AD680066DCA6 /* Sources */ = {
			isa = PBXSourcesBuildPhase;
			buildActionMask = 2147483647;
			files = (
				0783DF1529A3AD680066DCA6 /* MacLandmarksTests.swift in Sources */,
			);
			runOnlyForDeploymentPostprocessing = 0;
		};
		0783DF1629A3AD680066DCA6 /* Sources */ = {
			isa = PBXSourcesBuildPhase;
			buildActionMask = 2147483647;
			files = (
				0783DF2129A3AD680066DCA6 /* MacLandmarksUITestsLaunchTests.swift in Sources */,
				0783DF1F29A3AD680066DCA6 /* MacLandmarksUITests.swift in Sources */,
			);
			runOnlyForDeploymentPostprocessing = 0;
		};
/* End PBXSourcesBuildPhase section */

/* Begin PBXTargetDependency section */
		0743DCA32998F88900224FB3 /* PBXTargetDependency */ = {
			isa = PBXTargetDependency;
			target = 0743DC902998F88800224FB3 /* Landmarks */;
			targetProxy = 0743DCA22998F88900224FB3 /* PBXContainerItemProxy */;
		};
		0743DCAD2998F88900224FB3 /* PBXTargetDependency */ = {
			isa = PBXTargetDependency;
			target = 0743DC902998F88800224FB3 /* Landmarks */;
			targetProxy = 0743DCAC2998F88900224FB3 /* PBXContainerItemProxy */;
		};
		0783DF1229A3AD680066DCA6 /* PBXTargetDependency */ = {
			isa = PBXTargetDependency;
			target = 0783DEFF29A3AD660066DCA6 /* MacLandmarks */;
			targetProxy = 0783DF1129A3AD680066DCA6 /* PBXContainerItemProxy */;
		};
		0783DF1C29A3AD680066DCA6 /* PBXTargetDependency */ = {
			isa = PBXTargetDependency;
			target = 0783DEFF29A3AD660066DCA6 /* MacLandmarks */;
			targetProxy = 0783DF1B29A3AD680066DCA6 /* PBXContainerItemProxy */;
		};
/* End PBXTargetDependency section */

/* Begin XCBuildConfiguration section */
		0743DCB32998F88900224FB3 /* Debug */ = {
			isa = XCBuildConfiguration;
			buildSettings = {
				ALWAYS_SEARCH_USER_PATHS = NO;
				CLANG_ANALYZER_NONNULL = YES;
				CLANG_ANALYZER_NUMBER_OBJECT_CONVERSION = YES_AGGRESSIVE;
				CLANG_CXX_LANGUAGE_STANDARD = "gnu++20";
				CLANG_ENABLE_MODULES = YES;
				CLANG_ENABLE_OBJC_ARC = YES;
				CLANG_ENABLE_OBJC_WEAK = YES;
				CLANG_WARN_BLOCK_CAPTURE_AUTORELEASING = YES;
				CLANG_WARN_BOOL_CONVERSION = YES;
				CLANG_WARN_COMMA = YES;
				CLANG_WARN_CONSTANT_CONVERSION = YES;
				CLANG_WARN_DEPRECATED_OBJC_IMPLEMENTATIONS = YES;
				CLANG_WARN_DIRECT_OBJC_ISA_USAGE = YES_ERROR;
				CLANG_WARN_DOCUMENTATION_COMMENTS = YES;
				CLANG_WARN_EMPTY_BODY = YES;
				CLANG_WARN_ENUM_CONVERSION = YES;
				CLANG_WARN_INFINITE_RECURSION = YES;
				CLANG_WARN_INT_CONVERSION = YES;
				CLANG_WARN_NON_LITERAL_NULL_CONVERSION = YES;
				CLANG_WARN_OBJC_IMPLICIT_RETAIN_SELF = YES;
				CLANG_WARN_OBJC_LITERAL_CONVERSION = YES;
				CLANG_WARN_OBJC_ROOT_CLASS = YES_ERROR;
				CLANG_WARN_QUOTED_INCLUDE_IN_FRAMEWORK_HEADER = YES;
				CLANG_WARN_RANGE_LOOP_ANALYSIS = YES;
				CLANG_WARN_STRICT_PROTOTYPES = YES;
				CLANG_WARN_SUSPICIOUS_MOVE = YES;
				CLANG_WARN_UNGUARDED_AVAILABILITY = YES_AGGRESSIVE;
				CLANG_WARN_UNREACHABLE_CODE = YES;
				CLANG_WARN__DUPLICATE_METHOD_MATCH = YES;
				COPY_PHASE_STRIP = NO;
				DEBUG_INFORMATION_FORMAT = dwarf;
				ENABLE_STRICT_OBJC_MSGSEND = YES;
				ENABLE_TESTABILITY = YES;
				GCC_C_LANGUAGE_STANDARD = gnu11;
				GCC_DYNAMIC_NO_PIC = NO;
				GCC_NO_COMMON_BLOCKS = YES;
				GCC_OPTIMIZATION_LEVEL = 0;
				GCC_PREPROCESSOR_DEFINITIONS = (
					"DEBUG=1",
					"$(inherited)",
				);
				GCC_WARN_64_TO_32_BIT_CONVERSION = YES;
				GCC_WARN_ABOUT_RETURN_TYPE = YES_ERROR;
				GCC_WARN_UNDECLARED_SELECTOR = YES;
				GCC_WARN_UNINITIALIZED_AUTOS = YES_AGGRESSIVE;
				GCC_WARN_UNUSED_FUNCTION = YES;
				GCC_WARN_UNUSED_VARIABLE = YES;
				IPHONEOS_DEPLOYMENT_TARGET = 16.2;
				MTL_ENABLE_DEBUG_INFO = INCLUDE_SOURCE;
				MTL_FAST_MATH = YES;
				ONLY_ACTIVE_ARCH = YES;
				SDKROOT = iphoneos;
				SWIFT_ACTIVE_COMPILATION_CONDITIONS = DEBUG;
				SWIFT_OPTIMIZATION_LEVEL = "-Onone";
			};
			name = Debug;
		};
		0743DCB42998F88900224FB3 /* Release */ = {
			isa = XCBuildConfiguration;
			buildSettings = {
				ALWAYS_SEARCH_USER_PATHS = NO;
				CLANG_ANALYZER_NONNULL = YES;
				CLANG_ANALYZER_NUMBER_OBJECT_CONVERSION = YES_AGGRESSIVE;
				CLANG_CXX_LANGUAGE_STANDARD = "gnu++20";
				CLANG_ENABLE_MODULES = YES;
				CLANG_ENABLE_OBJC_ARC = YES;
				CLANG_ENABLE_OBJC_WEAK = YES;
				CLANG_WARN_BLOCK_CAPTURE_AUTORELEASING = YES;
				CLANG_WARN_BOOL_CONVERSION = YES;
				CLANG_WARN_COMMA = YES;
				CLANG_WARN_CONSTANT_CONVERSION = YES;
				CLANG_WARN_DEPRECATED_OBJC_IMPLEMENTATIONS = YES;
				CLANG_WARN_DIRECT_OBJC_ISA_USAGE = YES_ERROR;
				CLANG_WARN_DOCUMENTATION_COMMENTS = YES;
				CLANG_WARN_EMPTY_BODY = YES;
				CLANG_WARN_ENUM_CONVERSION = YES;
				CLANG_WARN_INFINITE_RECURSION = YES;
				CLANG_WARN_INT_CONVERSION = YES;
				CLANG_WARN_NON_LITERAL_NULL_CONVERSION = YES;
				CLANG_WARN_OBJC_IMPLICIT_RETAIN_SELF = YES;
				CLANG_WARN_OBJC_LITERAL_CONVERSION = YES;
				CLANG_WARN_OBJC_ROOT_CLASS = YES_ERROR;
				CLANG_WARN_QUOTED_INCLUDE_IN_FRAMEWORK_HEADER = YES;
				CLANG_WARN_RANGE_LOOP_ANALYSIS = YES;
				CLANG_WARN_STRICT_PROTOTYPES = YES;
				CLANG_WARN_SUSPICIOUS_MOVE = YES;
				CLANG_WARN_UNGUARDED_AVAILABILITY = YES_AGGRESSIVE;
				CLANG_WARN_UNREACHABLE_CODE = YES;
				CLANG_WARN__DUPLICATE_METHOD_MATCH = YES;
				COPY_PHASE_STRIP = NO;
				DEBUG_INFORMATION_FORMAT = "dwarf-with-dsym";
				ENABLE_NS_ASSERTIONS = NO;
				ENABLE_STRICT_OBJC_MSGSEND = YES;
				GCC_C_LANGUAGE_STANDARD = gnu11;
				GCC_NO_COMMON_BLOCKS = YES;
				GCC_WARN_64_TO_32_BIT_CONVERSION = YES;
				GCC_WARN_ABOUT_RETURN_TYPE = YES_ERROR;
				GCC_WARN_UNDECLARED_SELECTOR = YES;
				GCC_WARN_UNINITIALIZED_AUTOS = YES_AGGRESSIVE;
				GCC_WARN_UNUSED_FUNCTION = YES;
				GCC_WARN_UNUSED_VARIABLE = YES;
				IPHONEOS_DEPLOYMENT_TARGET = 16.2;
				MTL_ENABLE_DEBUG_INFO = NO;
				MTL_FAST_MATH = YES;
				SDKROOT = iphoneos;
				SWIFT_COMPILATION_MODE = wholemodule;
				SWIFT_OPTIMIZATION_LEVEL = "-O";
				VALIDATE_PRODUCT = YES;
			};
			name = Release;
		};
		0743DCB62998F88900224FB3 /* Debug */ = {
			isa = XCBuildConfiguration;
			buildSettings = {
				ASSETCATALOG_COMPILER_APPICON_NAME = AppIcon;
				ASSETCATALOG_COMPILER_GLOBAL_ACCENT_COLOR_NAME = AccentColor;
				CODE_SIGN_STYLE = Automatic;
				CURRENT_PROJECT_VERSION = 1;
				DEVELOPMENT_ASSET_PATHS = "\"Landmarks/Preview Content\"";
				DEVELOPMENT_TEAM = 248KXD9Z8K;
				ENABLE_PREVIEWS = YES;
				GENERATE_INFOPLIST_FILE = YES;
				INFOPLIST_KEY_UIApplicationSceneManifest_Generation = YES;
				INFOPLIST_KEY_UIApplicationSupportsIndirectInputEvents = YES;
				INFOPLIST_KEY_UILaunchScreen_Generation = YES;
				INFOPLIST_KEY_UISupportedInterfaceOrientations_iPad = "UIInterfaceOrientationPortrait UIInterfaceOrientationPortraitUpsideDown UIInterfaceOrientationLandscapeLeft UIInterfaceOrientationLandscapeRight";
				INFOPLIST_KEY_UISupportedInterfaceOrientations_iPhone = "UIInterfaceOrientationPortrait UIInterfaceOrientationLandscapeLeft UIInterfaceOrientationLandscapeRight";
				LD_RUNPATH_SEARCH_PATHS = (
					"$(inherited)",
					"@executable_path/Frameworks",
				);
				MARKETING_VERSION = 1.0;
				PRODUCT_BUNDLE_IDENTIFIER = com.kobamiyannnn.Landmarks;
				PRODUCT_NAME = "$(TARGET_NAME)";
				SWIFT_EMIT_LOC_STRINGS = YES;
				SWIFT_VERSION = 5.0;
				TARGETED_DEVICE_FAMILY = "1,2";
			};
			name = Debug;
		};
		0743DCB72998F88900224FB3 /* Release */ = {
			isa = XCBuildConfiguration;
			buildSettings = {
				ASSETCATALOG_COMPILER_APPICON_NAME = AppIcon;
				ASSETCATALOG_COMPILER_GLOBAL_ACCENT_COLOR_NAME = AccentColor;
				CODE_SIGN_STYLE = Automatic;
				CURRENT_PROJECT_VERSION = 1;
				DEVELOPMENT_ASSET_PATHS = "\"Landmarks/Preview Content\"";
				DEVELOPMENT_TEAM = 248KXD9Z8K;
				ENABLE_PREVIEWS = YES;
				GENERATE_INFOPLIST_FILE = YES;
				INFOPLIST_KEY_UIApplicationSceneManifest_Generation = YES;
				INFOPLIST_KEY_UIApplicationSupportsIndirectInputEvents = YES;
				INFOPLIST_KEY_UILaunchScreen_Generation = YES;
				INFOPLIST_KEY_UISupportedInterfaceOrientations_iPad = "UIInterfaceOrientationPortrait UIInterfaceOrientationPortraitUpsideDown UIInterfaceOrientationLandscapeLeft UIInterfaceOrientationLandscapeRight";
				INFOPLIST_KEY_UISupportedInterfaceOrientations_iPhone = "UIInterfaceOrientationPortrait UIInterfaceOrientationLandscapeLeft UIInterfaceOrientationLandscapeRight";
				LD_RUNPATH_SEARCH_PATHS = (
					"$(inherited)",
					"@executable_path/Frameworks",
				);
				MARKETING_VERSION = 1.0;
				PRODUCT_BUNDLE_IDENTIFIER = com.kobamiyannnn.Landmarks;
				PRODUCT_NAME = "$(TARGET_NAME)";
				SWIFT_EMIT_LOC_STRINGS = YES;
				SWIFT_VERSION = 5.0;
				TARGETED_DEVICE_FAMILY = "1,2";
			};
			name = Release;
		};
		0743DCB92998F88900224FB3 /* Debug */ = {
			isa = XCBuildConfiguration;
			buildSettings = {
				ALWAYS_EMBED_SWIFT_STANDARD_LIBRARIES = YES;
				BUNDLE_LOADER = "$(TEST_HOST)";
				CODE_SIGN_STYLE = Automatic;
				CURRENT_PROJECT_VERSION = 1;
				DEVELOPMENT_TEAM = 248KXD9Z8K;
				GENERATE_INFOPLIST_FILE = YES;
				IPHONEOS_DEPLOYMENT_TARGET = 16.2;
				MARKETING_VERSION = 1.0;
				PRODUCT_BUNDLE_IDENTIFIER = com.kobamiyannnn.LandmarksTests;
				PRODUCT_NAME = "$(TARGET_NAME)";
				SWIFT_EMIT_LOC_STRINGS = NO;
				SWIFT_VERSION = 5.0;
				TARGETED_DEVICE_FAMILY = "1,2";
				TEST_HOST = "$(BUILT_PRODUCTS_DIR)/Landmarks.app/$(BUNDLE_EXECUTABLE_FOLDER_PATH)/Landmarks";
			};
			name = Debug;
		};
		0743DCBA2998F88900224FB3 /* Release */ = {
			isa = XCBuildConfiguration;
			buildSettings = {
				ALWAYS_EMBED_SWIFT_STANDARD_LIBRARIES = YES;
				BUNDLE_LOADER = "$(TEST_HOST)";
				CODE_SIGN_STYLE = Automatic;
				CURRENT_PROJECT_VERSION = 1;
				DEVELOPMENT_TEAM = 248KXD9Z8K;
				GENERATE_INFOPLIST_FILE = YES;
				IPHONEOS_DEPLOYMENT_TARGET = 16.2;
				MARKETING_VERSION = 1.0;
				PRODUCT_BUNDLE_IDENTIFIER = com.kobamiyannnn.LandmarksTests;
				PRODUCT_NAME = "$(TARGET_NAME)";
				SWIFT_EMIT_LOC_STRINGS = NO;
				SWIFT_VERSION = 5.0;
				TARGETED_DEVICE_FAMILY = "1,2";
				TEST_HOST = "$(BUILT_PRODUCTS_DIR)/Landmarks.app/$(BUNDLE_EXECUTABLE_FOLDER_PATH)/Landmarks";
			};
			name = Release;
		};
		0743DCBC2998F88900224FB3 /* Debug */ = {
			isa = XCBuildConfiguration;
			buildSettings = {
				ALWAYS_EMBED_SWIFT_STANDARD_LIBRARIES = YES;
				CODE_SIGN_STYLE = Automatic;
				CURRENT_PROJECT_VERSION = 1;
				DEVELOPMENT_TEAM = 248KXD9Z8K;
				GENERATE_INFOPLIST_FILE = YES;
				MARKETING_VERSION = 1.0;
				PRODUCT_BUNDLE_IDENTIFIER = com.kobamiyannnn.LandmarksUITests;
				PRODUCT_NAME = "$(TARGET_NAME)";
				SWIFT_EMIT_LOC_STRINGS = NO;
				SWIFT_VERSION = 5.0;
				TARGETED_DEVICE_FAMILY = "1,2";
				TEST_TARGET_NAME = Landmarks;
			};
			name = Debug;
		};
		0743DCBD2998F88900224FB3 /* Release */ = {
			isa = XCBuildConfiguration;
			buildSettings = {
				ALWAYS_EMBED_SWIFT_STANDARD_LIBRARIES = YES;
				CODE_SIGN_STYLE = Automatic;
				CURRENT_PROJECT_VERSION = 1;
				DEVELOPMENT_TEAM = 248KXD9Z8K;
				GENERATE_INFOPLIST_FILE = YES;
				MARKETING_VERSION = 1.0;
				PRODUCT_BUNDLE_IDENTIFIER = com.kobamiyannnn.LandmarksUITests;
				PRODUCT_NAME = "$(TARGET_NAME)";
				SWIFT_EMIT_LOC_STRINGS = NO;
				SWIFT_VERSION = 5.0;
				TARGETED_DEVICE_FAMILY = "1,2";
				TEST_TARGET_NAME = Landmarks;
			};
			name = Release;
		};
		0783DF2329A3AD680066DCA6 /* Debug */ = {
			isa = XCBuildConfiguration;
			buildSettings = {
				ASSETCATALOG_COMPILER_APPICON_NAME = AppIcon;
				ASSETCATALOG_COMPILER_GLOBAL_ACCENT_COLOR_NAME = AccentColor;
				CODE_SIGN_ENTITLEMENTS = MacLandmarks/MacLandmarks.entitlements;
				CODE_SIGN_STYLE = Automatic;
				COMBINE_HIDPI_IMAGES = YES;
				CURRENT_PROJECT_VERSION = 1;
				DEVELOPMENT_ASSET_PATHS = "\"MacLandmarks/Preview Content\"";
				DEVELOPMENT_TEAM = 248KXD9Z8K;
				ENABLE_HARDENED_RUNTIME = YES;
				ENABLE_PREVIEWS = YES;
				GENERATE_INFOPLIST_FILE = YES;
				INFOPLIST_KEY_NSHumanReadableCopyright = "";
				LD_RUNPATH_SEARCH_PATHS = (
					"$(inherited)",
					"@executable_path/../Frameworks",
				);
				MACOSX_DEPLOYMENT_TARGET = 13.1;
				MARKETING_VERSION = 1.0;
				PRODUCT_BUNDLE_IDENTIFIER = com.kobamiyannnn.MacLandmarks;
				PRODUCT_NAME = "$(TARGET_NAME)";
				SDKROOT = macosx;
				SWIFT_EMIT_LOC_STRINGS = YES;
				SWIFT_VERSION = 5.0;
			};
			name = Debug;
		};
		0783DF2429A3AD680066DCA6 /* Release */ = {
			isa = XCBuildConfiguration;
			buildSettings = {
				ASSETCATALOG_COMPILER_APPICON_NAME = AppIcon;
				ASSETCATALOG_COMPILER_GLOBAL_ACCENT_COLOR_NAME = AccentColor;
				CODE_SIGN_ENTITLEMENTS = MacLandmarks/MacLandmarks.entitlements;
				CODE_SIGN_STYLE = Automatic;
				COMBINE_HIDPI_IMAGES = YES;
				CURRENT_PROJECT_VERSION = 1;
				DEVELOPMENT_ASSET_PATHS = "\"MacLandmarks/Preview Content\"";
				DEVELOPMENT_TEAM = 248KXD9Z8K;
				ENABLE_HARDENED_RUNTIME = YES;
				ENABLE_PREVIEWS = YES;
				GENERATE_INFOPLIST_FILE = YES;
				INFOPLIST_KEY_NSHumanReadableCopyright = "";
				LD_RUNPATH_SEARCH_PATHS = (
					"$(inherited)",
					"@executable_path/../Frameworks",
				);
				MACOSX_DEPLOYMENT_TARGET = 13.1;
				MARKETING_VERSION = 1.0;
				PRODUCT_BUNDLE_IDENTIFIER = com.kobamiyannnn.MacLandmarks;
				PRODUCT_NAME = "$(TARGET_NAME)";
				SDKROOT = macosx;
				SWIFT_EMIT_LOC_STRINGS = YES;
				SWIFT_VERSION = 5.0;
			};
			name = Release;
		};
		0783DF2629A3AD680066DCA6 /* Debug */ = {
			isa = XCBuildConfiguration;
			buildSettings = {
				ALWAYS_EMBED_SWIFT_STANDARD_LIBRARIES = YES;
				BUNDLE_LOADER = "$(TEST_HOST)";
				CODE_SIGN_STYLE = Automatic;
				CURRENT_PROJECT_VERSION = 1;
				DEVELOPMENT_TEAM = 248KXD9Z8K;
				GENERATE_INFOPLIST_FILE = YES;
				MACOSX_DEPLOYMENT_TARGET = 13.1;
				MARKETING_VERSION = 1.0;
				PRODUCT_BUNDLE_IDENTIFIER = com.kobamiyannnn.MacLandmarksTests;
				PRODUCT_NAME = "$(TARGET_NAME)";
				SDKROOT = macosx;
				SWIFT_EMIT_LOC_STRINGS = NO;
				SWIFT_VERSION = 5.0;
				TEST_HOST = "$(BUILT_PRODUCTS_DIR)/MacLandmarks.app/$(BUNDLE_EXECUTABLE_FOLDER_PATH)/MacLandmarks";
			};
			name = Debug;
		};
		0783DF2729A3AD680066DCA6 /* Release */ = {
			isa = XCBuildConfiguration;
			buildSettings = {
				ALWAYS_EMBED_SWIFT_STANDARD_LIBRARIES = YES;
				BUNDLE_LOADER = "$(TEST_HOST)";
				CODE_SIGN_STYLE = Automatic;
				CURRENT_PROJECT_VERSION = 1;
				DEVELOPMENT_TEAM = 248KXD9Z8K;
				GENERATE_INFOPLIST_FILE = YES;
				MACOSX_DEPLOYMENT_TARGET = 13.1;
				MARKETING_VERSION = 1.0;
				PRODUCT_BUNDLE_IDENTIFIER = com.kobamiyannnn.MacLandmarksTests;
				PRODUCT_NAME = "$(TARGET_NAME)";
				SDKROOT = macosx;
				SWIFT_EMIT_LOC_STRINGS = NO;
				SWIFT_VERSION = 5.0;
				TEST_HOST = "$(BUILT_PRODUCTS_DIR)/MacLandmarks.app/$(BUNDLE_EXECUTABLE_FOLDER_PATH)/MacLandmarks";
			};
			name = Release;
		};
		0783DF2929A3AD680066DCA6 /* Debug */ = {
			isa = XCBuildConfiguration;
			buildSettings = {
				ALWAYS_EMBED_SWIFT_STANDARD_LIBRARIES = YES;
				CODE_SIGN_STYLE = Automatic;
				CURRENT_PROJECT_VERSION = 1;
				DEVELOPMENT_TEAM = 248KXD9Z8K;
				GENERATE_INFOPLIST_FILE = YES;
				MACOSX_DEPLOYMENT_TARGET = 13.1;
				MARKETING_VERSION = 1.0;
				PRODUCT_BUNDLE_IDENTIFIER = com.kobamiyannnn.MacLandmarksUITests;
				PRODUCT_NAME = "$(TARGET_NAME)";
				SDKROOT = macosx;
				SWIFT_EMIT_LOC_STRINGS = NO;
				SWIFT_VERSION = 5.0;
				TEST_TARGET_NAME = MacLandmarks;
			};
			name = Debug;
		};
		0783DF2A29A3AD680066DCA6 /* Release */ = {
			isa = XCBuildConfiguration;
			buildSettings = {
				ALWAYS_EMBED_SWIFT_STANDARD_LIBRARIES = YES;
				CODE_SIGN_STYLE = Automatic;
				CURRENT_PROJECT_VERSION = 1;
				DEVELOPMENT_TEAM = 248KXD9Z8K;
				GENERATE_INFOPLIST_FILE = YES;
				MACOSX_DEPLOYMENT_TARGET = 13.1;
				MARKETING_VERSION = 1.0;
				PRODUCT_BUNDLE_IDENTIFIER = com.kobamiyannnn.MacLandmarksUITests;
				PRODUCT_NAME = "$(TARGET_NAME)";
				SDKROOT = macosx;
				SWIFT_EMIT_LOC_STRINGS = NO;
				SWIFT_VERSION = 5.0;
				TEST_TARGET_NAME = MacLandmarks;
			};
			name = Release;
		};
/* End XCBuildConfiguration section */

/* Begin XCConfigurationList section */
		0743DC8C2998F88800224FB3 /* Build configuration list for PBXProject "Landmarks" */ = {
			isa = XCConfigurationList;
			buildConfigurations = (
				0743DCB32998F88900224FB3 /* Debug */,
				0743DCB42998F88900224FB3 /* Release */,
			);
			defaultConfigurationIsVisible = 0;
			defaultConfigurationName = Release;
		};
		0743DCB52998F88900224FB3 /* Build configuration list for PBXNativeTarget "Landmarks" */ = {
			isa = XCConfigurationList;
			buildConfigurations = (
				0743DCB62998F88900224FB3 /* Debug */,
				0743DCB72998F88900224FB3 /* Release */,
			);
			defaultConfigurationIsVisible = 0;
			defaultConfigurationName = Release;
		};
		0743DCB82998F88900224FB3 /* Build configuration list for PBXNativeTarget "LandmarksTests" */ = {
			isa = XCConfigurationList;
			buildConfigurations = (
				0743DCB92998F88900224FB3 /* Debug */,
				0743DCBA2998F88900224FB3 /* Release */,
			);
			defaultConfigurationIsVisible = 0;
			defaultConfigurationName = Release;
		};
		0743DCBB2998F88900224FB3 /* Build configuration list for PBXNativeTarget "LandmarksUITests" */ = {
			isa = XCConfigurationList;
			buildConfigurations = (
				0743DCBC2998F88900224FB3 /* Debug */,
				0743DCBD2998F88900224FB3 /* Release */,
			);
			defaultConfigurationIsVisible = 0;
			defaultConfigurationName = Release;
		};
		0783DF2229A3AD680066DCA6 /* Build configuration list for PBXNativeTarget "MacLandmarks" */ = {
			isa = XCConfigurationList;
			buildConfigurations = (
				0783DF2329A3AD680066DCA6 /* Debug */,
				0783DF2429A3AD680066DCA6 /* Release */,
			);
			defaultConfigurationIsVisible = 0;
			defaultConfigurationName = Release;
		};
		0783DF2529A3AD680066DCA6 /* Build configuration list for PBXNativeTarget "MacLandmarksTests" */ = {
			isa = XCConfigurationList;
			buildConfigurations = (
				0783DF2629A3AD680066DCA6 /* Debug */,
				0783DF2729A3AD680066DCA6 /* Release */,
			);
			defaultConfigurationIsVisible = 0;
			defaultConfigurationName = Release;
		};
		0783DF2829A3AD680066DCA6 /* Build configuration list for PBXNativeTarget "MacLandmarksUITests" */ = {
			isa = XCConfigurationList;
			buildConfigurations = (
				0783DF2929A3AD680066DCA6 /* Debug */,
				0783DF2A29A3AD680066DCA6 /* Release */,
			);
			defaultConfigurationIsVisible = 0;
			defaultConfigurationName = Release;
		};
/* End XCConfigurationList section */
	};
	rootObject = 0743DC892998F88800224FB3 /* Project object */;
}
